
Microsoft Visual Studio Solution File, Format Version 12.00
# Visual Studio 14
VisualStudioVersion = 14.0.23107.0
MinimumVisualStudioVersion = 10.0.40219.1
Project("{FAE04EC0-301F-11D3-BF4B-00C04F79EFBC}") = "PhoneBook.Core", "PhoneBook.Core\PhoneBook.Core.csproj", "{39A29D6A-AAB2-46EA-96E5-6D26383FCC0A}"
EndProject
Project("{FAE04EC0-301F-11D3-BF4B-00C04F79EFBC}") = "PhoneBook.Domain", "PhoneBook.Domain\PhoneBook.Domain.csproj", "{BA95303E-DAD5-441F-9F96-40FA2C8DE699}"
EndProject
Project("{FAE04EC0-301F-11D3-BF4B-00C04F79EFBC}") = "PhoneBook.Infrastructure", "PhoneBook.Infrastructure\PhoneBook.Infrastructure.csproj", "{E05853F1-0EDB-48BA-A23F-E6848C6391D8}"
EndProject
Global
	GlobalSection(SolutionConfigurationPlatforms) = preSolution
		Debug|Any CPU = Debug|Any CPU
		Release|Any CPU = Release|Any CPU
	EndGlobalSection
	GlobalSection(ProjectConfigurationPlatforms) = postSolution
		{39A29D6A-AAB2-46EA-96E5-6D26383FCC0A}.Debug|Any CPU.ActiveCfg = Debug|Any CPU
		{39A29D6A-AAB2-46EA-96E5-6D26383FCC0A}.Debug|Any CPU.Build.0 = Debug|Any CPU
		{39A29D6A-AAB2-46EA-96E5-6D26383FCC0A}.Release|Any CPU.ActiveCfg = Release|Any CPU
		{39A29D6A-AAB2-46EA-96E5-6D26383FCC0A}.Release|Any CPU.Build.0 = Release|Any CPU
		{BA95303E-DAD5-441F-9F96-40FA2C8DE699}.Debug|Any CPU.ActiveCfg = Debug|Any CPU
		{BA95303E-DAD5-441F-9F96-40FA2C8DE699}.Debug|Any CPU.Build.0 = Debug|Any CPU
		{BA95303E-DAD5-441F-9F96-40FA2C8DE699}.Release|Any CPU.ActiveCfg = Release|Any CPU
		{BA95303E-DAD5-441F-9F96-40FA2C8DE699}.Release|Any CPU.Build.0 = Release|Any CPU
		{E05853F1-0EDB-48BA-A23F-E6848C6391D8}.Debug|Any CPU.ActiveCfg = Debug|Any CPU
		{E05853F1-0EDB-48BA-A23F-E6848C6391D8}.Debug|Any CPU.Build.0 = Debug|Any CPU
		{E05853F1-0EDB-48BA-A23F-E6848C6391D8}.Release|Any CPU.ActiveCfg = Release|Any CPU
		{E05853F1-0EDB-48BA-A23F-E6848C6391D8}.Release|Any CPU.Build.0 = Release|Any CPU
	EndGlobalSection
	GlobalSection(SolutionProperties) = preSolution
		HideSolutionNode = FALSE
	EndGlobalSection
EndGlobal
